
Microsoft Visual Studio Solution File, Format Version 12.00
# Visual Studio Version 17
VisualStudioVersion = 17.10.35013.160
MinimumVisualStudioVersion = 10.0.40219.1
Project("{9A19103F-16F7-4668-BE54-9A1E7A4F7556}") = "SeleniumDemoApi", "SeleniumDemoApi\SeleniumDemoApi.csproj", "{37E30361-4C19-4372-8FC9-08F0EF94C9BA}"
EndProject
Project("{FAE04EC0-301F-11D3-BF4B-00C04F79EFBC}") = "SeleniumDemoTests", "SeleniumDemoTests\SeleniumDemoTests.csproj", "{06CD5B32-BABA-44CA-BC44-539A3B93DAD9}"
EndProject
Global
	GlobalSection(SolutionConfigurationPlatforms) = preSolution
		Debug|Any CPU = Debug|Any CPU
		Release|Any CPU = Release|Any CPU
	EndGlobalSection
	GlobalSection(ProjectConfigurationPlatforms) = postSolution
		{37E30361-4C19-4372-8FC9-08F0EF94C9BA}.Debug|Any CPU.ActiveCfg = Debug|Any CPU
		{37E30361-4C19-4372-8FC9-08F0EF94C9BA}.Debug|Any CPU.Build.0 = Debug|Any CPU
		{37E30361-4C19-4372-8FC9-08F0EF94C9BA}.Release|Any CPU.ActiveCfg = Release|Any CPU
		{37E30361-4C19-4372-8FC9-08F0EF94C9BA}.Release|Any CPU.Build.0 = Release|Any CPU
		{06CD5B32-BABA-44CA-BC44-539A3B93DAD9}.Debug|Any CPU.ActiveCfg = Debug|Any CPU
		{06CD5B32-BABA-44CA-BC44-539A3B93DAD9}.Debug|Any CPU.Build.0 = Debug|Any CPU
		{06CD5B32-BABA-44CA-BC44-539A3B93DAD9}.Release|Any CPU.ActiveCfg = Release|Any CPU
		{06CD5B32-BABA-44CA-BC44-539A3B93DAD9}.Release|Any CPU.Build.0 = Release|Any CPU
	EndGlobalSection
	GlobalSection(SolutionProperties) = preSolution
		HideSolutionNode = FALSE
	EndGlobalSection
	GlobalSection(ExtensibilityGlobals) = postSolution
		SolutionGuid = {EEC82271-7DDB-4097-AAB0-3C476FB66EAA}
	EndGlobalSection
EndGlobal
